
Microsoft Visual Studio Solution File, Format Version 12.00
# Visual Studio Version 16
VisualStudioVersion = 16.0.30420.98
MinimumVisualStudioVersion = 10.0.40219.1
Project("{9A19103F-16F7-4668-BE54-9A1E7A4F7556}") = "BuzzOff.Server", "Server\BuzzOff.Server.csproj", "{AB66F5A5-368F-47E7-B42D-B75FB21F0B17}"
EndProject
Project("{9A19103F-16F7-4668-BE54-9A1E7A4F7556}") = "BuzzOff.Client", "Client\BuzzOff.Client.csproj", "{95C813F0-C3A3-446F-8B45-35640D13AE3D}"
EndProject
Project("{9A19103F-16F7-4668-BE54-9A1E7A4F7556}") = "BuzzOff.Shared", "Shared\BuzzOff.Shared.csproj", "{24E61948-B2BF-4FF5-BD55-C11560768A0C}"
EndProject
Project("{2150E333-8FDC-42A3-9474-1A3956D46DE8}") = "Solution Items", "Solution Items", "{AE4DFC2E-CF9E-41E9-B8DA-25D23B0F16B2}"
	ProjectSection(SolutionItems) = preProject
		.github\workflows\azure-release.yml = .github\workflows\azure-release.yml
		.github\workflows\dotnet-build.yml = .github\workflows\dotnet-build.yml
	EndProjectSection
EndProject
Global
	GlobalSection(SolutionConfigurationPlatforms) = preSolution
		Debug|Any CPU = Debug|Any CPU
		Release|Any CPU = Release|Any CPU
	EndGlobalSection
	GlobalSection(ProjectConfigurationPlatforms) = postSolution
		{AB66F5A5-368F-47E7-B42D-B75FB21F0B17}.Debug|Any CPU.ActiveCfg = Debug|Any CPU
		{AB66F5A5-368F-47E7-B42D-B75FB21F0B17}.Debug|Any CPU.Build.0 = Debug|Any CPU
		{AB66F5A5-368F-47E7-B42D-B75FB21F0B17}.Release|Any CPU.ActiveCfg = Release|Any CPU
		{AB66F5A5-368F-47E7-B42D-B75FB21F0B17}.Release|Any CPU.Build.0 = Release|Any CPU
		{95C813F0-C3A3-446F-8B45-35640D13AE3D}.Debug|Any CPU.ActiveCfg = Debug|Any CPU
		{95C813F0-C3A3-446F-8B45-35640D13AE3D}.Debug|Any CPU.Build.0 = Debug|Any CPU
		{95C813F0-C3A3-446F-8B45-35640D13AE3D}.Release|Any CPU.ActiveCfg = Release|Any CPU
		{95C813F0-C3A3-446F-8B45-35640D13AE3D}.Release|Any CPU.Build.0 = Release|Any CPU
		{24E61948-B2BF-4FF5-BD55-C11560768A0C}.Debug|Any CPU.ActiveCfg = Debug|Any CPU
		{24E61948-B2BF-4FF5-BD55-C11560768A0C}.Debug|Any CPU.Build.0 = Debug|Any CPU
		{24E61948-B2BF-4FF5-BD55-C11560768A0C}.Release|Any CPU.ActiveCfg = Release|Any CPU
		{24E61948-B2BF-4FF5-BD55-C11560768A0C}.Release|Any CPU.Build.0 = Release|Any CPU
	EndGlobalSection
	GlobalSection(SolutionProperties) = preSolution
		HideSolutionNode = FALSE
	EndGlobalSection
	GlobalSection(ExtensibilityGlobals) = postSolution
		SolutionGuid = {9C10EF09-04A4-4AF8-AECB-311C314E14F3}
	EndGlobalSection
EndGlobal
